
Microsoft Visual Studio Solution File, Format Version 11.00
# Visual Studio 2010
Project("{8BC9CEB8-8B4A-11D0-8D11-00A0C91BC942}") = "UniversalInjectcpp", "UniversalInjectcpp\UniversalInjectcpp.vcxproj", "{4A54A7B9-9528-4D95-BA5F-354A9B052B24}"
EndProject
Project("{8BC9CEB8-8B4A-11D0-8D11-00A0C91BC942}") = "hookdll", "hookdll\hookdll.vcxproj", "{3CA29240-397D-41E1-8924-EDFDDC414B29}"
EndProject
Project("{8BC9CEB8-8B4A-11D0-8D11-00A0C91BC942}") = "UInjectIME", "UInjectIME\UInjectIME.vcxproj", "{DC33ADC7-DEA5-4455-8744-26210BC4FA77}"
EndProject
Project("{2150E333-8FDC-42A3-9474-1A3956D46DE8}") = "Solution Items", "Solution Items", "{F067DF1C-A5FE-4B7E-ACC2-73E684B941AD}"
	ProjectSection(SolutionItems) = preProject
		README.md = README.md
	EndProjectSection
EndProject
Global
	GlobalSection(SolutionConfigurationPlatforms) = preSolution
		Debug|Win32 = Debug|Win32
		Release|Win32 = Release|Win32
	EndGlobalSection
	GlobalSection(ProjectConfigurationPlatforms) = postSolution
		{4A54A7B9-9528-4D95-BA5F-354A9B052B24}.Debug|Win32.ActiveCfg = Debug|Win32
		{4A54A7B9-9528-4D95-BA5F-354A9B052B24}.Debug|Win32.Build.0 = Debug|Win32
		{4A54A7B9-9528-4D95-BA5F-354A9B052B24}.Release|Win32.ActiveCfg = Release|Win32
		{4A54A7B9-9528-4D95-BA5F-354A9B052B24}.Release|Win32.Build.0 = Release|Win32
		{3CA29240-397D-41E1-8924-EDFDDC414B29}.Debug|Win32.ActiveCfg = Debug|Win32
		{3CA29240-397D-41E1-8924-EDFDDC414B29}.Debug|Win32.Build.0 = Debug|Win32
		{3CA29240-397D-41E1-8924-EDFDDC414B29}.Release|Win32.ActiveCfg = Release|Win32
		{3CA29240-397D-41E1-8924-EDFDDC414B29}.Release|Win32.Build.0 = Release|Win32
		{DC33ADC7-DEA5-4455-8744-26210BC4FA77}.Debug|Win32.ActiveCfg = Debug|Win32
		{DC33ADC7-DEA5-4455-8744-26210BC4FA77}.Debug|Win32.Build.0 = Debug|Win32
		{DC33ADC7-DEA5-4455-8744-26210BC4FA77}.Release|Win32.ActiveCfg = Release|Win32
		{DC33ADC7-DEA5-4455-8744-26210BC4FA77}.Release|Win32.Build.0 = Release|Win32
	EndGlobalSection
	GlobalSection(SolutionProperties) = preSolution
		HideSolutionNode = FALSE
	EndGlobalSection
EndGlobal
